dependencies:
- name: mockexchange-posts-api
  repository: file://../../../mockexchange-posts-api/helm
  version: 0.1.0
- name: mockexchange-comments-api
  repository: file://../../../mockexchange-comments-api/helm
  version: 0.1.0
- name: mockexchange-common
  repository: file://../mockexchange-common
  version: 0.1.2
digest: sha256:f55deb8bad72894619cc4f4458ec81329a6e1f9f281681876475ddfcd2316214
generated: "2022-05-01T08:15:38.286543161-04:00"
