dependencies:
- name: mockexchange-posts-api
  repository: file://../../../mockexchange-posts-api/helm
  version: 0.1.0
- name: mockexchange-comments-api
  repository: file://../../../mockexchange-comments-api/helm
  version: 0.1.0
- name: mockexchange-common
  repository: file://../mockexchange-common
  version: 0.1.0
digest: sha256:520c67f73d80005d1aaf5eb39d89822c0872147cce4e48d14e5df007aa4ead9c
generated: "2022-04-30T15:20:48.736974727-04:00"
